
Microsoft Visual Studio Solution File, Format Version 12.00
# Visual Studio Version 16
VisualStudioVersion = 16.0.30330.147
MinimumVisualStudioVersion = 10.0.40219.1
Project("{FAE04EC0-301F-11D3-BF4B-00C04F79EFBC}") = "AtlasDNC", "AtlasDNC\AtlasDNC.csproj", "{5520D350-8C9A-476B-A22C-51642233528D}"
EndProject
Global
	GlobalSection(SolutionConfigurationPlatforms) = preSolution
		Debug|Any CPU = Debug|Any CPU
		Release|Any CPU = Release|Any CPU
	EndGlobalSection
	GlobalSection(ProjectConfigurationPlatforms) = postSolution
		{5520D350-8C9A-476B-A22C-51642233528D}.Debug|Any CPU.ActiveCfg = Debug|Any CPU
		{5520D350-8C9A-476B-A22C-51642233528D}.Debug|Any CPU.Build.0 = Debug|Any CPU
		{5520D350-8C9A-476B-A22C-51642233528D}.Release|Any CPU.ActiveCfg = Release|Any CPU
		{5520D350-8C9A-476B-A22C-51642233528D}.Release|Any CPU.Build.0 = Release|Any CPU
	EndGlobalSection
	GlobalSection(SolutionProperties) = preSolution
		HideSolutionNode = FALSE
	EndGlobalSection
	GlobalSection(ExtensibilityGlobals) = postSolution
		SolutionGuid = {355B6683-ACEA-42B6-B01F-891B386F9E2A}
	EndGlobalSection
EndGlobal
